// !$*UTF8*$!
{
	archiveVersion = 1;
	classes = {
	};
	objectVersion = 46;
	objects = {

/* Begin PBXBuildFile section */
		B1F9708CDB92282BD5ED259F /* Pods_AwesomeiOSPresentationUITests.framework in Frameworks */ = {isa = PBXBuildFile; fileRef = 5A518F2488F6FB586C9B4E48 /* Pods_AwesomeiOSPresentationUITests.framework */; };
		C0FC881D2C000D4DDD811453 /* Pods_AwesomeiOSPresentationTests.framework in Frameworks */ = {isa = PBXBuildFile; fileRef = 0588D0AE7B1F498182B58A44 /* Pods_AwesomeiOSPresentationTests.framework */; };
		C20F5B191C7504DE00D9B289 /* AppDelegate.swift in Sources */ = {isa = PBXBuildFile; fileRef = C20F5B181C7504DE00D9B289 /* AppDelegate.swift */; };
		C20F5B1B1C7504DE00D9B289 /* ViewController.swift in Sources */ = {isa = PBXBuildFile; fileRef = C20F5B1A1C7504DE00D9B289 /* ViewController.swift */; };
		C20F5B1E1C7504DE00D9B289 /* Main.storyboard in Resources */ = {isa = PBXBuildFile; fileRef = C20F5B1C1C7504DE00D9B289 /* Main.storyboard */; };
		C20F5B201C7504DE00D9B289 /* Assets.xcassets in Resources */ = {isa = PBXBuildFile; fileRef = C20F5B1F1C7504DE00D9B289 /* Assets.xcassets */; };
		C20F5B231C7504DE00D9B289 /* LaunchScreen.storyboard in Resources */ = {isa = PBXBuildFile; fileRef = C20F5B211C7504DE00D9B289 /* LaunchScreen.storyboard */; };
		C20F5B2E1C7504DE00D9B289 /* AwesomeiOSPresentationTests.swift in Sources */ = {isa = PBXBuildFile; fileRef = C20F5B2D1C7504DE00D9B289 /* AwesomeiOSPresentationTests.swift */; };
		C20F5B391C7504DE00D9B289 /* AwesomeiOSPresentationUITests.swift in Sources */ = {isa = PBXBuildFile; fileRef = C20F5B381C7504DE00D9B289 /* AwesomeiOSPresentationUITests.swift */; };
		F9AB7A743643604139C34958 /* Pods_AwesomeiOSPresentation.framework in Frameworks */ = {isa = PBXBuildFile; fileRef = 876BDDA96F94BD885F0CBDFE /* Pods_AwesomeiOSPresentation.framework */; };
/* End PBXBuildFile section */

/* Begin PBXContainerItemProxy section */
		C20F5B2A1C7504DE00D9B289 /* PBXContainerItemProxy */ = {
			isa = PBXContainerItemProxy;
			containerPortal = C20F5B0D1C7504DE00D9B289 /* Project object */;
			proxyType = 1;
			remoteGlobalIDString = C20F5B141C7504DE00D9B289;
			remoteInfo = AwesomeiOSPresentation;
		};
		C20F5B351C7504DE00D9B289 /* PBXContainerItemProxy */ = {
			isa = PBXContainerItemProxy;
			containerPortal = C20F5B0D1C7504DE00D9B289 /* Project object */;
			proxyType = 1;
			remoteGlobalIDString = C20F5B141C7504DE00D9B289;
			remoteInfo = AwesomeiOSPresentation;
		};
/* End PBXContainerItemProxy section */

/* Begin PBXFileReference section */
		0588D0AE7B1F498182B58A44 /* Pods_AwesomeiOSPresentationTests.framework */ = {isa = PBXFileReference; explicitFileType = wrapper.framework; includeInIndex = 0; path = Pods_AwesomeiOSPresentationTests.framework; sourceTree = BUILT_PRODUCTS_DIR; };
		12B59FF9DC200871E5A7E93B /* Pods-AwesomeiOSPresentationTests.debug.xcconfig */ = {isa = PBXFileReference; includeInIndex = 1; lastKnownFileType = text.xcconfig; name = "Pods-AwesomeiOSPresentationTests.debug.xcconfig"; path = "Pods/Target Support Files/Pods-AwesomeiOSPresentationTests/Pods-AwesomeiOSPresentationTests.debug.xcconfig"; sourceTree = "<group>"; };
		4786568F02CC8056945EEFAA /* Pods-AwesomeiOSPresentationUITests.release.xcconfig */ = {isa = PBXFileReference; includeInIndex = 1; lastKnownFileType = text.xcconfig; name = "Pods-AwesomeiOSPresentationUITests.release.xcconfig"; path = "Pods/Target Support Files/Pods-AwesomeiOSPresentationUITests/Pods-AwesomeiOSPresentationUITests.release.xcconfig"; sourceTree = "<group>"; };
		4CE3E7DF5DA8F8EA9FFBD122 /* Pods-AwesomeiOSPresentation.debug.xcconfig */ = {isa = PBXFileReference; includeInIndex = 1; lastKnownFileType = text.xcconfig; name = "Pods-AwesomeiOSPresentation.debug.xcconfig"; path = "Pods/Target Support Files/Pods-AwesomeiOSPresentation/Pods-AwesomeiOSPresentation.debug.xcconfig"; sourceTree = "<group>"; };
		5A518F2488F6FB586C9B4E48 /* Pods_AwesomeiOSPresentationUITests.framework */ = {isa = PBXFileReference; explicitFileType = wrapper.framework; includeInIndex = 0; path = Pods_AwesomeiOSPresentationUITests.framework; sourceTree = BUILT_PRODUCTS_DIR; };
		876BDDA96F94BD885F0CBDFE /* Pods_AwesomeiOSPresentation.framework */ = {isa = PBXFileReference; explicitFileType = wrapper.framework; includeInIndex = 0; path = Pods_AwesomeiOSPresentation.framework; sourceTree = BUILT_PRODUCTS_DIR; };
		C20F5B151C7504DE00D9B289 /* AwesomeiOSPresentation.app */ = {isa = PBXFileReference; explicitFileType = wrapper.application; includeInIndex = 0; path = AwesomeiOSPresentation.app; sourceTree = BUILT_PRODUCTS_DIR; };
		C20F5B181C7504DE00D9B289 /* AppDelegate.swift */ = {isa = PBXFileReference; lastKnownFileType = sourcecode.swift; path = AppDelegate.swift; sourceTree = "<group>"; };
		C20F5B1A1C7504DE00D9B289 /* ViewController.swift */ = {isa = PBXFileReference; lastKnownFileType = sourcecode.swift; path = ViewController.swift; sourceTree = "<group>"; };
		C20F5B1D1C7504DE00D9B289 /* Base */ = {isa = PBXFileReference; lastKnownFileType = file.storyboard; name = Base; path = Base.lproj/Main.storyboard; sourceTree = "<group>"; };
		C20F5B1F1C7504DE00D9B289 /* Assets.xcassets */ = {isa = PBXFileReference; lastKnownFileType = folder.assetcatalog; path = Assets.xcassets; sourceTree = "<group>"; };
		C20F5B221C7504DE00D9B289 /* Base */ = {isa = PBXFileReference; lastKnownFileType = file.storyboard; name = Base; path = Base.lproj/LaunchScreen.storyboard; sourceTree = "<group>"; };
		C20F5B241C7504DE00D9B289 /* Info.plist */ = {isa = PBXFileReference; lastKnownFileType = text.plist.xml; path = Info.plist; sourceTree = "<group>"; };
		C20F5B291C7504DE00D9B289 /* AwesomeiOSPresentationTests.xctest */ = {isa = PBXFileReference; explicitFileType = wrapper.cfbundle; includeInIndex = 0; path = AwesomeiOSPresentationTests.xctest; sourceTree = BUILT_PRODUCTS_DIR; };
		C20F5B2D1C7504DE00D9B289 /* AwesomeiOSPresentationTests.swift */ = {isa = PBXFileReference; lastKnownFileType = sourcecode.swift; path = AwesomeiOSPresentationTests.swift; sourceTree = "<group>"; };
		C20F5B2F1C7504DE00D9B289 /* Info.plist */ = {isa = PBXFileReference; lastKnownFileType = text.plist.xml; path = Info.plist; sourceTree = "<group>"; };
		C20F5B341C7504DE00D9B289 /* AwesomeiOSPresentationUITests.xctest */ = {isa = PBXFileReference; explicitFileType = wrapper.cfbundle; includeInIndex = 0; path = AwesomeiOSPresentationUITests.xctest; sourceTree = BUILT_PRODUCTS_DIR; };
		C20F5B381C7504DE00D9B289 /* AwesomeiOSPresentationUITests.swift */ = {isa = PBXFileReference; lastKnownFileType = sourcecode.swift; path = AwesomeiOSPresentationUITests.swift; sourceTree = "<group>"; };
		C20F5B3A1C7504DE00D9B289 /* Info.plist */ = {isa = PBXFileReference; lastKnownFileType = text.plist.xml; path = Info.plist; sourceTree = "<group>"; };
		C2AB46451C7572EE00D6A491 /* AwesomeiOSPresentation-bridgingheader.h */ = {isa = PBXFileReference; fileEncoding = 4; lastKnownFileType = sourcecode.c.h; path = "AwesomeiOSPresentation-bridgingheader.h"; sourceTree = "<group>"; };
		D24288E3B59E8EE7AB1CBB1C /* Pods-AwesomeiOSPresentation.release.xcconfig */ = {isa = PBXFileReference; includeInIndex = 1; lastKnownFileType = text.xcconfig; name = "Pods-AwesomeiOSPresentation.release.xcconfig"; path = "Pods/Target Support Files/Pods-AwesomeiOSPresentation/Pods-AwesomeiOSPresentation.release.xcconfig"; sourceTree = "<group>"; };
		D6AE015C6145DBA8506F08DA /* Pods-AwesomeiOSPresentationTests.release.xcconfig */ = {isa = PBXFileReference; includeInIndex = 1; lastKnownFileType = text.xcconfig; name = "Pods-AwesomeiOSPresentationTests.release.xcconfig"; path = "Pods/Target Support Files/Pods-AwesomeiOSPresentationTests/Pods-AwesomeiOSPresentationTests.release.xcconfig"; sourceTree = "<group>"; };
		FDE3000D1A83DC059D91BBB4 /* Pods-AwesomeiOSPresentationUITests.debug.xcconfig */ = {isa = PBXFileReference; includeInIndex = 1; lastKnownFileType = text.xcconfig; name = "Pods-AwesomeiOSPresentationUITests.debug.xcconfig"; path = "Pods/Target Support Files/Pods-AwesomeiOSPresentationUITests/Pods-AwesomeiOSPresentationUITests.debug.xcconfig"; sourceTree = "<group>"; };
/* End PBXFileReference section */

/* Begin PBXFrameworksBuildPhase section */
		C20F5B121C7504DE00D9B289 /* Frameworks */ = {
			isa = PBXFrameworksBuildPhase;
			buildActionMask = 2147483647;
			files = (
				F9AB7A743643604139C34958 /* Pods_AwesomeiOSPresentation.framework in Frameworks */,
			);
			runOnlyForDeploymentPostprocessing = 0;
		};
		C20F5B261C7504DE00D9B289 /* Frameworks */ = {
			isa = PBXFrameworksBuildPhase;
			buildActionMask = 2147483647;
			files = (
				C0FC881D2C000D4DDD811453 /* Pods_AwesomeiOSPresentationTests.framework in Frameworks */,
			);
			runOnlyForDeploymentPostprocessing = 0;
		};
		C20F5B311C7504DE00D9B289 /* Frameworks */ = {
			isa = PBXFrameworksBuildPhase;
			buildActionMask = 2147483647;
			files = (
				B1F9708CDB92282BD5ED259F /* Pods_AwesomeiOSPresentationUITests.framework in Frameworks */,
			);
			runOnlyForDeploymentPostprocessing = 0;
		};
/* End PBXFrameworksBuildPhase section */

/* Begin PBXGroup section */
		A76DB436953A5A6DFE033E18 /* Frameworks */ = {
			isa = PBXGroup;
			children = (
				876BDDA96F94BD885F0CBDFE /* Pods_AwesomeiOSPresentation.framework */,
				0588D0AE7B1F498182B58A44 /* Pods_AwesomeiOSPresentationTests.framework */,
				5A518F2488F6FB586C9B4E48 /* Pods_AwesomeiOSPresentationUITests.framework */,
			);
			name = Frameworks;
			sourceTree = "<group>";
		};
		C20F5B0C1C7504DE00D9B289 = {
			isa = PBXGroup;
			children = (
				C2AB46451C7572EE00D6A491 /* AwesomeiOSPresentation-bridgingheader.h */,
				C20F5B171C7504DE00D9B289 /* AwesomeiOSPresentation */,
				C20F5B2C1C7504DE00D9B289 /* AwesomeiOSPresentationTests */,
				C20F5B371C7504DE00D9B289 /* AwesomeiOSPresentationUITests */,
				C20F5B161C7504DE00D9B289 /* Products */,
				C7050C415E41EFDCC5069E80 /* Pods */,
				A76DB436953A5A6DFE033E18 /* Frameworks */,
			);
			sourceTree = "<group>";
		};
		C20F5B161C7504DE00D9B289 /* Products */ = {
			isa = PBXGroup;
			children = (
				C20F5B151C7504DE00D9B289 /* AwesomeiOSPresentation.app */,
				C20F5B291C7504DE00D9B289 /* AwesomeiOSPresentationTests.xctest */,
				C20F5B341C7504DE00D9B289 /* AwesomeiOSPresentationUITests.xctest */,
			);
			name = Products;
			sourceTree = "<group>";
		};
		C20F5B171C7504DE00D9B289 /* AwesomeiOSPresentation */ = {
			isa = PBXGroup;
			children = (
				C20F5B181C7504DE00D9B289 /* AppDelegate.swift */,
				C20F5B1A1C7504DE00D9B289 /* ViewController.swift */,
				C20F5B1C1C7504DE00D9B289 /* Main.storyboard */,
				C20F5B1F1C7504DE00D9B289 /* Assets.xcassets */,
				C20F5B211C7504DE00D9B289 /* LaunchScreen.storyboard */,
				C20F5B241C7504DE00D9B289 /* Info.plist */,
			);
			path = AwesomeiOSPresentation;
			sourceTree = "<group>";
		};
		C20F5B2C1C7504DE00D9B289 /* AwesomeiOSPresentationTests */ = {
			isa = PBXGroup;
			children = (
				C20F5B2D1C7504DE00D9B289 /* AwesomeiOSPresentationTests.swift */,
				C20F5B2F1C7504DE00D9B289 /* Info.plist */,
			);
			path = AwesomeiOSPresentationTests;
			sourceTree = "<group>";
		};
		C20F5B371C7504DE00D9B289 /* AwesomeiOSPresentationUITests */ = {
			isa = PBXGroup;
			children = (
				C20F5B381C7504DE00D9B289 /* AwesomeiOSPresentationUITests.swift */,
				C20F5B3A1C7504DE00D9B289 /* Info.plist */,
			);
			path = AwesomeiOSPresentationUITests;
			sourceTree = "<group>";
		};
		C7050C415E41EFDCC5069E80 /* Pods */ = {
			isa = PBXGroup;
			children = (
				4CE3E7DF5DA8F8EA9FFBD122 /* Pods-AwesomeiOSPresentation.debug.xcconfig */,
				D24288E3B59E8EE7AB1CBB1C /* Pods-AwesomeiOSPresentation.release.xcconfig */,
				12B59FF9DC200871E5A7E93B /* Pods-AwesomeiOSPresentationTests.debug.xcconfig */,
				D6AE015C6145DBA8506F08DA /* Pods-AwesomeiOSPresentationTests.release.xcconfig */,
				FDE3000D1A83DC059D91BBB4 /* Pods-AwesomeiOSPresentationUITests.debug.xcconfig */,
				4786568F02CC8056945EEFAA /* Pods-AwesomeiOSPresentationUITests.release.xcconfig */,
			);
			name = Pods;
			sourceTree = "<group>";
		};
/* End PBXGroup section */

/* Begin PBXNativeTarget section */
		C20F5B141C7504DE00D9B289 /* AwesomeiOSPresentation */ = {
			isa = PBXNativeTarget;
			buildConfigurationList = C20F5B3D1C7504DE00D9B289 /* Build configuration list for PBXNativeTarget "AwesomeiOSPresentation" */;
			buildPhases = (
				2DD5A1269191901319E113E0 /* 📦 Check Pods Manifest.lock */,
				C20F5B111C7504DE00D9B289 /* Sources */,
				C20F5B121C7504DE00D9B289 /* Frameworks */,
				C20F5B131C7504DE00D9B289 /* Resources */,
				7D8360B895A98D938513753B /* 📦 Embed Pods Frameworks */,
				D02968A833B4544F24ED3A63 /* 📦 Copy Pods Resources */,
			);
			buildRules = (
			);
			dependencies = (
			);
			name = AwesomeiOSPresentation;
			productName = AwesomeiOSPresentation;
			productReference = C20F5B151C7504DE00D9B289 /* AwesomeiOSPresentation.app */;
			productType = "com.apple.product-type.application";
		};
		C20F5B281C7504DE00D9B289 /* AwesomeiOSPresentationTests */ = {
			isa = PBXNativeTarget;
			buildConfigurationList = C20F5B401C7504DE00D9B289 /* Build configuration list for PBXNativeTarget "AwesomeiOSPresentationTests" */;
			buildPhases = (
				EA37F1E5D8D333B2C08413F4 /* 📦 Check Pods Manifest.lock */,
				C20F5B251C7504DE00D9B289 /* Sources */,
				C20F5B261C7504DE00D9B289 /* Frameworks */,
				C20F5B271C7504DE00D9B289 /* Resources */,
				12F6B60601BFD704C36E511E /* 📦 Embed Pods Frameworks */,
				24B21AD9FEFA70BC7CAD5A93 /* 📦 Copy Pods Resources */,
			);
			buildRules = (
			);
			dependencies = (
				C20F5B2B1C7504DE00D9B289 /* PBXTargetDependency */,
			);
			name = AwesomeiOSPresentationTests;
			productName = AwesomeiOSPresentationTests;
			productReference = C20F5B291C7504DE00D9B289 /* AwesomeiOSPresentationTests.xctest */;
			productType = "com.apple.product-type.bundle.unit-test";
		};
		C20F5B331C7504DE00D9B289 /* AwesomeiOSPresentationUITests */ = {
			isa = PBXNativeTarget;
			buildConfigurationList = C20F5B431C7504DE00D9B289 /* Build configuration list for PBXNativeTarget "AwesomeiOSPresentationUITests" */;
			buildPhases = (
				A4ACFE5CCD0049D5A287A5F2 /* 📦 Check Pods Manifest.lock */,
				C20F5B301C7504DE00D9B289 /* Sources */,
				C20F5B311C7504DE00D9B289 /* Frameworks */,
				C20F5B321C7504DE00D9B289 /* Resources */,
				22B0BF59135F18E38F466ADD /* 📦 Copy Pods Resources */,
			);
			buildRules = (
			);
			dependencies = (
				C20F5B361C7504DE00D9B289 /* PBXTargetDependency */,
			);
			name = AwesomeiOSPresentationUITests;
			productName = AwesomeiOSPresentationUITests;
			productReference = C20F5B341C7504DE00D9B289 /* AwesomeiOSPresentationUITests.xctest */;
			productType = "com.apple.product-type.bundle.ui-testing";
		};
/* End PBXNativeTarget section */

/* Begin PBXProject section */
		C20F5B0D1C7504DE00D9B289 /* Project object */ = {
			isa = PBXProject;
			attributes = {
				LastSwiftUpdateCheck = 0720;
				LastUpgradeCheck = 0720;
				ORGANIZATIONNAME = "Lucas Farah";
				TargetAttributes = {
					C20F5B141C7504DE00D9B289 = {
						CreatedOnToolsVersion = 7.2;
					};
					C20F5B281C7504DE00D9B289 = {
						CreatedOnToolsVersion = 7.2;
						TestTargetID = C20F5B141C7504DE00D9B289;
					};
					C20F5B331C7504DE00D9B289 = {
						CreatedOnToolsVersion = 7.2;
						TestTargetID = C20F5B141C7504DE00D9B289;
					};
				};
			};
			buildConfigurationList = C20F5B101C7504DE00D9B289 /* Build configuration list for PBXProject "AwesomeiOSPresentation" */;
			compatibilityVersion = "Xcode 3.2";
			developmentRegion = English;
			hasScannedForEncodings = 0;
			knownRegions = (
				en,
				Base,
			);
			mainGroup = C20F5B0C1C7504DE00D9B289;
			productRefGroup = C20F5B161C7504DE00D9B289 /* Products */;
			projectDirPath = "";
			projectRoot = "";
			targets = (
				C20F5B141C7504DE00D9B289 /* AwesomeiOSPresentation */,
				C20F5B281C7504DE00D9B289 /* AwesomeiOSPresentationTests */,
				C20F5B331C7504DE00D9B289 /* AwesomeiOSPresentationUITests */,
			);
		};
/* End PBXProject section */

/* Begin PBXResourcesBuildPhase section */
		C20F5B131C7504DE00D9B289 /* Resources */ = {
			isa = PBXResourcesBuildPhase;
			buildActionMask = 2147483647;
			files = (
				C20F5B231C7504DE00D9B289 /* LaunchScreen.storyboard in Resources */,
				C20F5B201C7504DE00D9B289 /* Assets.xcassets in Resources */,
				C20F5B1E1C7504DE00D9B289 /* Main.storyboard in Resources */,
			);
			runOnlyForDeploymentPostprocessing = 0;
		};
		C20F5B271C7504DE00D9B289 /* Resources */ = {
			isa = PBXResourcesBuildPhase;
			buildActionMask = 2147483647;
			files = (
			);
			runOnlyForDeploymentPostprocessing = 0;
		};
		C20F5B321C7504DE00D9B289 /* Resources */ = {
			isa = PBXResourcesBuildPhase;
			buildActionMask = 2147483647;
			files = (
			);
			runOnlyForDeploymentPostprocessing = 0;
		};
/* End PBXResourcesBuildPhase section */

/* Begin PBXShellScriptBuildPhase section */
		12F6B60601BFD704C36E511E /* 📦 Embed Pods Frameworks */ = {
			isa = PBXShellScriptBuildPhase;
			buildActionMask = 2147483647;
			files = (
			);
			inputPaths = (
			);
			name = "📦 Embed Pods Frameworks";
			outputPaths = (
			);
			runOnlyForDeploymentPostprocessing = 0;
			shellPath = /bin/sh;
			shellScript = "\"${SRCROOT}/Pods/Target Support Files/Pods-AwesomeiOSPresentationTests/Pods-AwesomeiOSPresentationTests-frameworks.sh\"\n";
			showEnvVarsInLog = 0;
		};
		22B0BF59135F18E38F466ADD /* 📦 Copy Pods Resources */ = {
			isa = PBXShellScriptBuildPhase;
			buildActionMask = 2147483647;
			files = (
			);
			inputPaths = (
			);
			name = "📦 Copy Pods Resources";
			outputPaths = (
			);
			runOnlyForDeploymentPostprocessing = 0;
			shellPath = /bin/sh;
			shellScript = "\"${SRCROOT}/Pods/Target Support Files/Pods-AwesomeiOSPresentationUITests/Pods-AwesomeiOSPresentationUITests-resources.sh\"\n";
			showEnvVarsInLog = 0;
		};
		24B21AD9FEFA70BC7CAD5A93 /* 📦 Copy Pods Resources */ = {
			isa = PBXShellScriptBuildPhase;
			buildActionMask = 2147483647;
			files = (
			);
			inputPaths = (
			);
			name = "📦 Copy Pods Resources";
			outputPaths = (
			);
			runOnlyForDeploymentPostprocessing = 0;
			shellPath = /bin/sh;
			shellScript = "\"${SRCROOT}/Pods/Target Support Files/Pods-AwesomeiOSPresentationTests/Pods-AwesomeiOSPresentationTests-resources.sh\"\n";
			showEnvVarsInLog = 0;
		};
		2DD5A1269191901319E113E0 /* 📦 Check Pods Manifest.lock */ = {
			isa = PBXShellScriptBuildPhase;
			buildActionMask = 2147483647;
			files = (
			);
			inputPaths = (
			);
			name = "📦 Check Pods Manifest.lock";
			outputPaths = (
			);
			runOnlyForDeploymentPostprocessing = 0;
			shellPath = /bin/sh;
			shellScript = "diff \"${PODS_ROOT}/../Podfile.lock\" \"${PODS_ROOT}/Manifest.lock\" > /dev/null\nif [[ $? != 0 ]] ; then\n    cat << EOM\nerror: The sandbox is not in sync with the Podfile.lock. Run 'pod install' or update your CocoaPods installation.\nEOM\n    exit 1\nfi\n";
			showEnvVarsInLog = 0;
		};
		7D8360B895A98D938513753B /* 📦 Embed Pods Frameworks */ = {
			isa = PBXShellScriptBuildPhase;
			buildActionMask = 2147483647;
			files = (
			);
			inputPaths = (
			);
			name = "📦 Embed Pods Frameworks";
			outputPaths = (
			);
			runOnlyForDeploymentPostprocessing = 0;
			shellPath = /bin/sh;
			shellScript = "\"${SRCROOT}/Pods/Target Support Files/Pods-AwesomeiOSPresentation/Pods-AwesomeiOSPresentation-frameworks.sh\"\n";
			showEnvVarsInLog = 0;
		};
		A4ACFE5CCD0049D5A287A5F2 /* 📦 Check Pods Manifest.lock */ = {
			isa = PBXShellScriptBuildPhase;
			buildActionMask = 2147483647;
			files = (
			);
			inputPaths = (
			);
			name = "📦 Check Pods Manifest.lock";
			outputPaths = (
			);
			runOnlyForDeploymentPostprocessing = 0;
			shellPath = /bin/sh;
			shellScript = "diff \"${PODS_ROOT}/../Podfile.lock\" \"${PODS_ROOT}/Manifest.lock\" > /dev/null\nif [[ $? != 0 ]] ; then\n    cat << EOM\nerror: The sandbox is not in sync with the Podfile.lock. Run 'pod install' or update your CocoaPods installation.\nEOM\n    exit 1\nfi\n";
			showEnvVarsInLog = 0;
		};
		D02968A833B4544F24ED3A63 /* 📦 Copy Pods Resources */ = {
			isa = PBXShellScriptBuildPhase;
			buildActionMask = 2147483647;
			files = (
			);
			inputPaths = (
			);
			name = "📦 Copy Pods Resources";
			outputPaths = (
			);
			runOnlyForDeploymentPostprocessing = 0;
			shellPath = /bin/sh;
			shellScript = "\"${SRCROOT}/Pods/Target Support Files/Pods-AwesomeiOSPresentation/Pods-AwesomeiOSPresentation-resources.sh\"\n";
			showEnvVarsInLog = 0;
		};
		EA37F1E5D8D333B2C08413F4 /* 📦 Check Pods Manifest.lock */ = {
			isa = PBXShellScriptBuildPhase;
			buildActionMask = 2147483647;
			files = (
			);
			inputPaths = (
			);
			name = "📦 Check Pods Manifest.lock";
			outputPaths = (
			);
			runOnlyForDeploymentPostprocessing = 0;
			shellPath = /bin/sh;
			shellScript = "diff \"${PODS_ROOT}/../Podfile.lock\" \"${PODS_ROOT}/Manifest.lock\" > /dev/null\nif [[ $? != 0 ]] ; then\n    cat << EOM\nerror: The sandbox is not in sync with the Podfile.lock. Run 'pod install' or update your CocoaPods installation.\nEOM\n    exit 1\nfi\n";
			showEnvVarsInLog = 0;
		};
/* End PBXShellScriptBuildPhase section */

/* Begin PBXSourcesBuildPhase section */
		C20F5B111C7504DE00D9B289 /* Sources */ = {
			isa = PBXSourcesBuildPhase;
			buildActionMask = 2147483647;
			files = (
				C20F5B1B1C7504DE00D9B289 /* ViewController.swift in Sources */,
				C20F5B191C7504DE00D9B289 /* AppDelegate.swift in Sources */,
			);
			runOnlyForDeploymentPostprocessing = 0;
		};
		C20F5B251C7504DE00D9B289 /* Sources */ = {
			isa = PBXSourcesBuildPhase;
			buildActionMask = 2147483647;
			files = (
				C20F5B2E1C7504DE00D9B289 /* AwesomeiOSPresentationTests.swift in Sources */,
			);
			runOnlyForDeploymentPostprocessing = 0;
		};
		C20F5B301C7504DE00D9B289 /* Sources */ = {
			isa = PBXSourcesBuildPhase;
			buildActionMask = 2147483647;
			files = (
				C20F5B391C7504DE00D9B289 /* AwesomeiOSPresentationUITests.swift in Sources */,
			);
			runOnlyForDeploymentPostprocessing = 0;
		};
/* End PBXSourcesBuildPhase section */

/* Begin PBXTargetDependency section */
		C20F5B2B1C7504DE00D9B289 /* PBXTargetDependency */ = {
			isa = PBXTargetDependency;
			target = C20F5B141C7504DE00D9B289 /* AwesomeiOSPresentation */;
			targetProxy = C20F5B2A1C7504DE00D9B289 /* PBXContainerItemProxy */;
		};
		C20F5B361C7504DE00D9B289 /* PBXTargetDependency */ = {
			isa = PBXTargetDependency;
			target = C20F5B141C7504DE00D9B289 /* AwesomeiOSPresentation */;
			targetProxy = C20F5B351C7504DE00D9B289 /* PBXContainerItemProxy */;
		};
/* End PBXTargetDependency section */

/* Begin PBXVariantGroup section */
		C20F5B1C1C7504DE00D9B289 /* Main.storyboard */ = {
			isa = PBXVariantGroup;
			children = (
				C20F5B1D1C7504DE00D9B289 /* Base */,
			);
			name = Main.storyboard;
			sourceTree = "<group>";
		};
		C20F5B211C7504DE00D9B289 /* LaunchScreen.storyboard */ = {
			isa = PBXVariantGroup;
			children = (
				C20F5B221C7504DE00D9B289 /* Base */,
			);
			name = LaunchScreen.storyboard;
			sourceTree = "<group>";
		};
/* End PBXVariantGroup section */

/* Begin XCBuildConfiguration section */
		C20F5B3B1C7504DE00D9B289 /* Debug */ = {
			isa = XCBuildConfiguration;
			buildSettings = {
				ALWAYS_SEARCH_USER_PATHS = NO;
				CLANG_CXX_LANGUAGE_STANDARD = "gnu++0x";
				CLANG_CXX_LIBRARY = "libc++";
				CLANG_ENABLE_MODULES = YES;
				CLANG_ENABLE_OBJC_ARC = YES;
				CLANG_WARN_BOOL_CONVERSION = YES;
				CLANG_WARN_CONSTANT_CONVERSION = YES;
				CLANG_WARN_DIRECT_OBJC_ISA_USAGE = YES_ERROR;
				CLANG_WARN_EMPTY_BODY = YES;
				CLANG_WARN_ENUM_CONVERSION = YES;
				CLANG_WARN_INT_CONVERSION = YES;
				CLANG_WARN_OBJC_ROOT_CLASS = YES_ERROR;
				CLANG_WARN_UNREACHABLE_CODE = YES;
				CLANG_WARN__DUPLICATE_METHOD_MATCH = YES;
				"CODE_SIGN_IDENTITY[sdk=iphoneos*]" = "iPhone Developer";
				COPY_PHASE_STRIP = NO;
				DEBUG_INFORMATION_FORMAT = dwarf;
				ENABLE_STRICT_OBJC_MSGSEND = YES;
				ENABLE_TESTABILITY = YES;
				GCC_C_LANGUAGE_STANDARD = gnu99;
				GCC_DYNAMIC_NO_PIC = NO;
				GCC_NO_COMMON_BLOCKS = YES;
				GCC_OPTIMIZATION_LEVEL = 0;
				GCC_PREPROCESSOR_DEFINITIONS = (
					"DEBUG=1",
					"$(inherited)",
				);
				GCC_WARN_64_TO_32_BIT_CONVERSION = YES;
				GCC_WARN_ABOUT_RETURN_TYPE = YES_ERROR;
				GCC_WARN_UNDECLARED_SELECTOR = YES;
				GCC_WARN_UNINITIALIZED_AUTOS = YES_AGGRESSIVE;
				GCC_WARN_UNUSED_FUNCTION = YES;
				GCC_WARN_UNUSED_VARIABLE = YES;
				IPHONEOS_DEPLOYMENT_TARGET = 9.2;
				MTL_ENABLE_DEBUG_INFO = YES;
				ONLY_ACTIVE_ARCH = YES;
				SDKROOT = iphoneos;
				SWIFT_OPTIMIZATION_LEVEL = "-Onone";
			};
			name = Debug;
		};
		C20F5B3C1C7504DE00D9B289 /* Release */ = {
			isa = XCBuildConfiguration;
			buildSettings = {
				ALWAYS_SEARCH_USER_PATHS = NO;
				CLANG_CXX_LANGUAGE_STANDARD = "gnu++0x";
				CLANG_CXX_LIBRARY = "libc++";
				CLANG_ENABLE_MODULES = YES;
				CLANG_ENABLE_OBJC_ARC = YES;
				CLANG_WARN_BOOL_CONVERSION = YES;
				CLANG_WARN_CONSTANT_CONVERSION = YES;
				CLANG_WARN_DIRECT_OBJC_ISA_USAGE = YES_ERROR;
				CLANG_WARN_EMPTY_BODY = YES;
				CLANG_WARN_ENUM_CONVERSION = YES;
				CLANG_WARN_INT_CONVERSION = YES;
				CLANG_WARN_OBJC_ROOT_CLASS = YES_ERROR;
				CLANG_WARN_UNREACHABLE_CODE = YES;
				CLANG_WARN__DUPLICATE_METHOD_MATCH = YES;
				"CODE_SIGN_IDENTITY[sdk=iphoneos*]" = "iPhone Developer";
				COPY_PHASE_STRIP = NO;
				DEBUG_INFORMATION_FORMAT = "dwarf-with-dsym";
				ENABLE_NS_ASSERTIONS = NO;
				ENABLE_STRICT_OBJC_MSGSEND = YES;
				GCC_C_LANGUAGE_STANDARD = gnu99;
				GCC_NO_COMMON_BLOCKS = YES;
				GCC_WARN_64_TO_32_BIT_CONVERSION = YES;
				GCC_WARN_ABOUT_RETURN_TYPE = YES_ERROR;
				GCC_WARN_UNDECLARED_SELECTOR = YES;
				GCC_WARN_UNINITIALIZED_AUTOS = YES_AGGRESSIVE;
				GCC_WARN_UNUSED_FUNCTION = YES;
				GCC_WARN_UNUSED_VARIABLE = YES;
				IPHONEOS_DEPLOYMENT_TARGET = 9.2;
				MTL_ENABLE_DEBUG_INFO = NO;
				SDKROOT = iphoneos;
				VALIDATE_PRODUCT = YES;
			};
			name = Release;
		};
		C20F5B3E1C7504DE00D9B289 /* Debug */ = {
			isa = XCBuildConfiguration;
			baseConfigurationReference = 4CE3E7DF5DA8F8EA9FFBD122 /* Pods-AwesomeiOSPresentation.debug.xcconfig */;
			buildSettings = {
				ASSETCATALOG_COMPILER_APPICON_NAME = AppIcon;
				INFOPLIST_FILE = AwesomeiOSPresentation/Info.plist;
				IPHONEOS_DEPLOYMENT_TARGET = 9.2;
				LD_RUNPATH_SEARCH_PATHS = "$(inherited) @executable_path/Frameworks";
				PRODUCT_BUNDLE_IDENTIFIER = farah.lucas.AwesomeiOSPresentation;
				PRODUCT_NAME = "$(TARGET_NAME)";
				SWIFT_OBJC_BRIDGING_HEADER = "AwesomeiOSPresentation-bridgingheader.h";
			};
			name = Debug;
		};
		C20F5B3F1C7504DE00D9B289 /* Release */ = {
			isa = XCBuildConfiguration;
			baseConfigurationReference = D24288E3B59E8EE7AB1CBB1C /* Pods-AwesomeiOSPresentation.release.xcconfig */;
			buildSettings = {
				ASSETCATALOG_COMPILER_APPICON_NAME = AppIcon;
				INFOPLIST_FILE = AwesomeiOSPresentation/Info.plist;
				IPHONEOS_DEPLOYMENT_TARGET = 9.2;
				LD_RUNPATH_SEARCH_PATHS = "$(inherited) @executable_path/Frameworks";
				PRODUCT_BUNDLE_IDENTIFIER = farah.lucas.AwesomeiOSPresentation;
				PRODUCT_NAME = "$(TARGET_NAME)";
				SWIFT_OBJC_BRIDGING_HEADER = "AwesomeiOSPresentation-bridgingheader.h";
			};
			name = Release;
		};
		C20F5B411C7504DE00D9B289 /* Debug */ = {
			isa = XCBuildConfiguration;
			baseConfigurationReference = 12B59FF9DC200871E5A7E93B /* Pods-AwesomeiOSPresentationTests.debug.xcconfig */;
			buildSettings = {
				BUNDLE_LOADER = "$(TEST_HOST)";
				INFOPLIST_FILE = AwesomeiOSPresentationTests/Info.plist;
				LD_RUNPATH_SEARCH_PATHS = "$(inherited) @executable_path/Frameworks @loader_path/Frameworks";
				PRODUCT_BUNDLE_IDENTIFIER = farah.lucas.AwesomeiOSPresentationTests;
				PRODUCT_NAME = "$(TARGET_NAME)";
				TEST_HOST = "$(BUILT_PRODUCTS_DIR)/AwesomeiOSPresentation.app/AwesomeiOSPresentation";
			};
			name = Debug;
		};
		C20F5B421C7504DE00D9B289 /* Release */ = {
			isa = XCBuildConfiguration;
			baseConfigurationReference = D6AE015C6145DBA8506F08DA /* Pods-AwesomeiOSPresentationTests.release.xcconfig */;
			buildSettings = {
				BUNDLE_LOADER = "$(TEST_HOST)";
				INFOPLIST_FILE = AwesomeiOSPresentationTests/Info.plist;
				LD_RUNPATH_SEARCH_PATHS = "$(inherited) @executable_path/Frameworks @loader_path/Frameworks";
				PRODUCT_BUNDLE_IDENTIFIER = farah.lucas.AwesomeiOSPresentationTests;
				PRODUCT_NAME = "$(TARGET_NAME)";
				TEST_HOST = "$(BUILT_PRODUCTS_DIR)/AwesomeiOSPresentation.app/AwesomeiOSPresentation";
			};
			name = Release;
		};
		C20F5B441C7504DE00D9B289 /* Debug */ = {
			isa = XCBuildConfiguration;
			baseConfigurationReference = FDE3000D1A83DC059D91BBB4 /* Pods-AwesomeiOSPresentationUITests.debug.xcconfig */;
			buildSettings = {
				INFOPLIST_FILE = AwesomeiOSPresentationUITests/Info.plist;
				LD_RUNPATH_SEARCH_PATHS = "$(inherited) @executable_path/Frameworks @loader_path/Frameworks";
				PRODUCT_BUNDLE_IDENTIFIER = farah.lucas.AwesomeiOSPresentationUITests;
				PRODUCT_NAME = "$(TARGET_NAME)";
				TEST_TARGET_NAME = AwesomeiOSPresentation;
				USES_XCTRUNNER = YES;
			};
			name = Debug;
		};
		C20F5B451C7504DE00D9B289 /* Release */ = {
			isa = XCBuildConfiguration;
			baseConfigurationReference = 4786568F02CC8056945EEFAA /* Pods-AwesomeiOSPresentationUITests.release.xcconfig */;
			buildSettings = {
				INFOPLIST_FILE = AwesomeiOSPresentationUITests/Info.plist;
				LD_RUNPATH_SEARCH_PATHS = "$(inherited) @executable_path/Frameworks @loader_path/Frameworks";
				PRODUCT_BUNDLE_IDENTIFIER = farah.lucas.AwesomeiOSPresentationUITests;
				PRODUCT_NAME = "$(TARGET_NAME)";
				TEST_TARGET_NAME = AwesomeiOSPresentation;
				USES_XCTRUNNER = YES;
			};
			name = Release;
		};
/* End XCBuildConfiguration section */

/* Begin XCConfigurationList section */
		C20F5B101C7504DE00D9B289 /* Build configuration list for PBXProject "AwesomeiOSPresentation" */ = {
			isa = XCConfigurationList;
			buildConfigurations = (
				C20F5B3B1C7504DE00D9B289 /* Debug */,
				C20F5B3C1C7504DE00D9B289 /* Release */,
			);
			defaultConfigurationIsVisible = 0;
			defaultConfigurationName = Release;
		};
		C20F5B3D1C7504DE00D9B289 /* Build configuration list for PBXNativeTarget "AwesomeiOSPresentation" */ = {
			isa = XCConfigurationList;
			buildConfigurations = (
				C20F5B3E1C7504DE00D9B289 /* Debug */,
				C20F5B3F1C7504DE00D9B289 /* Release */,
			);
			defaultConfigurationIsVisible = 0;
			defaultConfigurationName = Release;
		};
		C20F5B401C7504DE00D9B289 /* Build configuration list for PBXNativeTarget "AwesomeiOSPresentationTests" */ = {
			isa = XCConfigurationList;
			buildConfigurations = (
				C20F5B411C7504DE00D9B289 /* Debug */,
				C20F5B421C7504DE00D9B289 /* Release */,
			);
			defaultConfigurationIsVisible = 0;
			defaultConfigurationName = Release;
		};
		C20F5B431C7504DE00D9B289 /* Build configuration list for PBXNativeTarget "AwesomeiOSPresentationUITests" */ = {
			isa = XCConfigurationList;
			buildConfigurations = (
				C20F5B441C7504DE00D9B289 /* Debug */,
				C20F5B451C7504DE00D9B289 /* Release */,
			);
			defaultConfigurationIsVisible = 0;
			defaultConfigurationName = Release;
		};
/* End XCConfigurationList section */
	};
	rootObject = C20F5B0D1C7504DE00D9B289 /* Project object */;
}
